
Microsoft Visual Studio Solution File, Format Version 12.00
# Visual Studio Version 16
VisualStudioVersion = 16.0.30611.23
MinimumVisualStudioVersion = 10.0.40219.1
Project("{FAE04EC0-301F-11D3-BF4B-00C04F79EFBC}") = "CRUD", "CRUD\CRUD.csproj", "{908F232D-7C74-4B1F-95A6-C5350770A758}"
EndProject
Global
	GlobalSection(SolutionConfigurationPlatforms) = preSolution
		Debug|Any CPU = Debug|Any CPU
		Release|Any CPU = Release|Any CPU
	EndGlobalSection
	GlobalSection(ProjectConfigurationPlatforms) = postSolution
		{908F232D-7C74-4B1F-95A6-C5350770A758}.Debug|Any CPU.ActiveCfg = Debug|Any CPU
		{908F232D-7C74-4B1F-95A6-C5350770A758}.Debug|Any CPU.Build.0 = Debug|Any CPU
		{908F232D-7C74-4B1F-95A6-C5350770A758}.Release|Any CPU.ActiveCfg = Release|Any CPU
		{908F232D-7C74-4B1F-95A6-C5350770A758}.Release|Any CPU.Build.0 = Release|Any CPU
	EndGlobalSection
	GlobalSection(SolutionProperties) = preSolution
		HideSolutionNode = FALSE
	EndGlobalSection
	GlobalSection(ExtensibilityGlobals) = postSolution
		SolutionGuid = {7DE2E541-AA65-4D36-A9B6-73952052B8B5}
	EndGlobalSection
EndGlobal
